
Microsoft Visual Studio Solution File, Format Version 12.00
# Visual Studio Version 17
VisualStudioVersion = 17.8.34322.80
MinimumVisualStudioVersion = 10.0.40219.1
Project("{FAE04EC0-301F-11D3-BF4B-00C04F79EFBC}") = "GroupExercise", "GroupExercise.csproj", "{117F9412-6F36-4727-924D-D3CD32A1F54B}"
EndProject
Global
	GlobalSection(SolutionConfigurationPlatforms) = preSolution
		Debug|Any CPU = Debug|Any CPU
		Release|Any CPU = Release|Any CPU
	EndGlobalSection
	GlobalSection(ProjectConfigurationPlatforms) = postSolution
		{117F9412-6F36-4727-924D-D3CD32A1F54B}.Debug|Any CPU.ActiveCfg = Debug|Any CPU
		{117F9412-6F36-4727-924D-D3CD32A1F54B}.Debug|Any CPU.Build.0 = Debug|Any CPU
		{117F9412-6F36-4727-924D-D3CD32A1F54B}.Release|Any CPU.ActiveCfg = Release|Any CPU
		{117F9412-6F36-4727-924D-D3CD32A1F54B}.Release|Any CPU.Build.0 = Release|Any CPU
	EndGlobalSection
	GlobalSection(SolutionProperties) = preSolution
		HideSolutionNode = FALSE
	EndGlobalSection
	GlobalSection(ExtensibilityGlobals) = postSolution
		SolutionGuid = {44BD69EB-3A2F-4652-8401-07A6E137C6C8}
	EndGlobalSection
EndGlobal
